
Microsoft Visual Studio Solution File, Format Version 12.00
# Visual Studio Version 16
VisualStudioVersion = 16.0.31613.86
MinimumVisualStudioVersion = 10.0.40219.1
Project("{FAE04EC0-301F-11D3-BF4B-00C04F79EFBC}") = "Script", "Script.csproj", "{4FE57E5A-412F-4ACF-868D-766F58E9D8B8}"
EndProject
Global
	GlobalSection(SolutionConfigurationPlatforms) = preSolution
		Debug|Any CPU = Debug|Any CPU
		Release|Any CPU = Release|Any CPU
	EndGlobalSection
	GlobalSection(ProjectConfigurationPlatforms) = postSolution
		{4FE57E5A-412F-4ACF-868D-766F58E9D8B8}.Debug|Any CPU.ActiveCfg = Debug|Any CPU
		{4FE57E5A-412F-4ACF-868D-766F58E9D8B8}.Debug|Any CPU.Build.0 = Debug|Any CPU
		{4FE57E5A-412F-4ACF-868D-766F58E9D8B8}.Release|Any CPU.ActiveCfg = Release|Any CPU
		{4FE57E5A-412F-4ACF-868D-766F58E9D8B8}.Release|Any CPU.Build.0 = Release|Any CPU
	EndGlobalSection
	GlobalSection(SolutionProperties) = preSolution
		HideSolutionNode = FALSE
	EndGlobalSection
	GlobalSection(ExtensibilityGlobals) = postSolution
		SolutionGuid = {E2EA5335-8CFE-459B-9848-A3216BD75B04}
	EndGlobalSection
EndGlobal
