
Microsoft Visual Studio Solution File, Format Version 12.00
# Visual Studio Version 16
VisualStudioVersion = 16.0.31613.86
MinimumVisualStudioVersion = 10.0.40219.1
Project("{FAE04EC0-301F-11D3-BF4B-00C04F79EFBC}") = "ConversorDeTemperaturas", "ConversorDeTemperaturas.csproj", "{771F7672-3EE9-43F7-B679-821B4E2D063D}"
EndProject
Global
	GlobalSection(SolutionConfigurationPlatforms) = preSolution
		Debug|Any CPU = Debug|Any CPU
		Release|Any CPU = Release|Any CPU
	EndGlobalSection
	GlobalSection(ProjectConfigurationPlatforms) = postSolution
		{771F7672-3EE9-43F7-B679-821B4E2D063D}.Debug|Any CPU.ActiveCfg = Debug|Any CPU
		{771F7672-3EE9-43F7-B679-821B4E2D063D}.Debug|Any CPU.Build.0 = Debug|Any CPU
		{771F7672-3EE9-43F7-B679-821B4E2D063D}.Release|Any CPU.ActiveCfg = Release|Any CPU
		{771F7672-3EE9-43F7-B679-821B4E2D063D}.Release|Any CPU.Build.0 = Release|Any CPU
	EndGlobalSection
	GlobalSection(SolutionProperties) = preSolution
		HideSolutionNode = FALSE
	EndGlobalSection
	GlobalSection(ExtensibilityGlobals) = postSolution
		SolutionGuid = {987320AB-DE25-4F7F-8B63-3AD17C4970CA}
	EndGlobalSection
EndGlobal
